PODS:
  - Masonry (1.1.0)
  - ZMJRouter (0.0.1)

DEPENDENCIES:
  - Masonry (~> 1.1.0)
  - ZMJRouter (from `../`)

SPEC REPOS:
  trunk:
    - Masonry

EXTERNAL SOURCES:
  ZMJRouter:
    :path: "../"

SPEC CHECKSUMS:
  Masonry: 678fab65091a9290e40e2832a55e7ab731aad201
  ZMJRouter: 896157cbd96e68b3bf99015db8bf8664e2783ba9

PODFILE CHECKSUM: 05b77f1e36e2499457e5c90ed960671a33509f40

COCOAPODS: 1.8.4
